
Microsoft Visual Studio Solution File, Format Version 12.00
# Visual Studio 2012
Project("{FAE04EC0-301F-11D3-BF4B-00C04F79EFBC}") = "RulerControl", "RulerControl\RulerControl.csproj", "{FBBD400B-7794-4538-9521-53B29F2416F1}"
EndProject
Project("{FAE04EC0-301F-11D3-BF4B-00C04F79EFBC}") = "RulerControlTest", "RulerControlTest\RulerControlTest.csproj", "{5FC1C74A-7E6B-4ED3-B68F-C5D98D15271F}"
EndProject
Global
	GlobalSection(SolutionConfigurationPlatforms) = preSolution
		Debug|Any CPU = Debug|Any CPU
		Release|Any CPU = Release|Any CPU
	EndGlobalSection
	GlobalSection(ProjectConfigurationPlatforms) = postSolution
		{FBBD400B-7794-4538-9521-53B29F2416F1}.Debug|Any CPU.ActiveCfg = Debug|Any CPU
		{FBBD400B-7794-4538-9521-53B29F2416F1}.Debug|Any CPU.Build.0 = Debug|Any CPU
		{FBBD400B-7794-4538-9521-53B29F2416F1}.Release|Any CPU.ActiveCfg = Release|Any CPU
		{FBBD400B-7794-4538-9521-53B29F2416F1}.Release|Any CPU.Build.0 = Release|Any CPU
		{5FC1C74A-7E6B-4ED3-B68F-C5D98D15271F}.Debug|Any CPU.ActiveCfg = Debug|Any CPU
		{5FC1C74A-7E6B-4ED3-B68F-C5D98D15271F}.Debug|Any CPU.Build.0 = Debug|Any CPU
		{5FC1C74A-7E6B-4ED3-B68F-C5D98D15271F}.Release|Any CPU.ActiveCfg = Release|Any CPU
		{5FC1C74A-7E6B-4ED3-B68F-C5D98D15271F}.Release|Any CPU.Build.0 = Release|Any CPU
	EndGlobalSection
	GlobalSection(SolutionProperties) = preSolution
		HideSolutionNode = FALSE
	EndGlobalSection
EndGlobal
